// !$*UTF8*$!
{
	archiveVersion = 1;
	classes = {
	};
	objectVersion = 55;
	objects = {

/* Begin PBXBuildFile section */
		A50AE92C2CBA08F800EB1D39 /* weatherPreview.json in Resources */ = {isa = PBXBuildFile; fileRef = A50AE92B2CBA08F800EB1D39 /* weatherPreview.json */; };
		A5D071B32CBA42540004135E /* TabContainer.swift in Sources */ = {isa = PBXBuildFile; fileRef = A5D071B22CBA42540004135E /* TabContainer.swift */; };
		A5D071B52CBA42AF0004135E /* Tab.swift in Sources */ = {isa = PBXBuildFile; fileRef = A5D071B42CBA42AF0004135E /* Tab.swift */; };
		A5D071B72CBA43040004135E /* Images.swift in Sources */ = {isa = PBXBuildFile; fileRef = A5D071B62CBA43040004135E /* Images.swift */; };
		A5D071B92CBA43150004135E /* Strings.swift in Sources */ = {isa = PBXBuildFile; fileRef = A5D071B82CBA43150004135E /* Strings.swift */; };
		A5D071BC2CBA446E0004135E /* TabProfileView.swift in Sources */ = {isa = PBXBuildFile; fileRef = A5D071BB2CBA446E0004135E /* TabProfileView.swift */; };
		A5D071BE2CBA468E0004135E /* TabWeatherView.swift in Sources */ = {isa = PBXBuildFile; fileRef = A5D071BD2CBA468E0004135E /* TabWeatherView.swift */; };
		A5D071C02CBA46B80004135E /* TabMapView.swift in Sources */ = {isa = PBXBuildFile; fileRef = A5D071BF2CBA46B80004135E /* TabMapView.swift */; };
		A5D071C22CBA47320004135E /* MainView.swift in Sources */ = {isa = PBXBuildFile; fileRef = A5D071C12CBA47320004135E /* MainView.swift */; };
		A5D071C42CBA491D0004135E /* Colors.swift in Sources */ = {isa = PBXBuildFile; fileRef = A5D071C32CBA491D0004135E /* Colors.swift */; };
		A5D071C92CBA6D300004135E /* Localizable.strings in Resources */ = {isa = PBXBuildFile; fileRef = A5D071C82CBA6D300004135E /* Localizable.strings */; };
		A5D071CD2CBA7BB60004135E /* Localize_Swift in Frameworks */ = {isa = PBXBuildFile; productRef = A5D071CC2CBA7BB60004135E /* Localize_Swift */; };
		A5E7F0792CEBF0A300E97DAF /* TabQRCodeView.swift in Sources */ = {isa = PBXBuildFile; fileRef = A5E7F0782CEBF0A300E97DAF /* TabQRCodeView.swift */; };
		A5E7F07E2CEBFA6500E97DAF /* QRScannerController.swift in Sources */ = {isa = PBXBuildFile; fileRef = A5E7F07D2CEBFA6500E97DAF /* QRScannerController.swift */; };
		A5E7F0802CEBFAF300E97DAF /* QRScannerView.swift in Sources */ = {isa = PBXBuildFile; fileRef = A5E7F07F2CEBFAF300E97DAF /* QRScannerView.swift */; };
		A5E7F0842CEBFFD600E97DAF /* QRScannerCoordinator.swift in Sources */ = {isa = PBXBuildFile; fileRef = A5E7F0832CEBFFD600E97DAF /* QRScannerCoordinator.swift */; };
		A5E7F0862CEC027F00E97DAF /* QRScannerResultView.swift in Sources */ = {isa = PBXBuildFile; fileRef = A5E7F0852CEC027F00E97DAF /* QRScannerResultView.swift */; };
		A5FDA1592CB9F67B00DC0BDA /* WeatherRow.swift in Sources */ = {isa = PBXBuildFile; fileRef = A5FDA1462CB9F67B00DC0BDA /* WeatherRow.swift */; };
		A5FDA15A2CB9F67B00DC0BDA /* LocationManager.swift in Sources */ = {isa = PBXBuildFile; fileRef = A5FDA1482CB9F67B00DC0BDA /* LocationManager.swift */; };
		A5FDA15B2CB9F67B00DC0BDA /* WeatherManager.swift in Sources */ = {isa = PBXBuildFile; fileRef = A5FDA1492CB9F67B00DC0BDA /* WeatherManager.swift */; };
		A5FDA15C2CB9F67B00DC0BDA /* ModelData.swift in Sources */ = {isa = PBXBuildFile; fileRef = A5FDA14B2CB9F67B00DC0BDA /* ModelData.swift */; };
		A5FDA15D2CB9F67B00DC0BDA /* Preview.xcassets in Resources */ = {isa = PBXBuildFile; fileRef = A5FDA14C2CB9F67B00DC0BDA /* Preview.xcassets */; };
		A5FDA1602CB9F67B00DC0BDA /* LoadingView.swift in Sources */ = {isa = PBXBuildFile; fileRef = A5FDA1502CB9F67B00DC0BDA /* LoadingView.swift */; };
		A5FDA1612CB9F67B00DC0BDA /* WeatherView.swift in Sources */ = {isa = PBXBuildFile; fileRef = A5FDA1512CB9F67B00DC0BDA /* WeatherView.swift */; };
		A5FDA1622CB9F67B00DC0BDA /* WelcomeView.swift in Sources */ = {isa = PBXBuildFile; fileRef = A5FDA1522CB9F67B00DC0BDA /* WelcomeView.swift */; };
		A5FDA1632CB9F67B00DC0BDA /* Assets.xcassets in Resources */ = {isa = PBXBuildFile; fileRef = A5FDA1542CB9F67B00DC0BDA /* Assets.xcassets */; };
		A5FDA1642CB9F67B00DC0BDA /* Extensions.swift in Sources */ = {isa = PBXBuildFile; fileRef = A5FDA1552CB9F67B00DC0BDA /* Extensions.swift */; };
		A5FDA1652CB9F67B00DC0BDA /* WISHApp.swift in Sources */ = {isa = PBXBuildFile; fileRef = A5FDA1562CB9F67B00DC0BDA /* WISHApp.swift */; };
/* End PBXBuildFile section */

/* Begin PBXFileReference section */
		22B002CA2756862C009EF4A2 /* WISH.app */ = {isa = PBXFileReference; explicitFileType = wrapper.application; includeInIndex = 0; path = WISH.app; sourceTree = BUILT_PRODUCTS_DIR; };
		A50AE92B2CBA08F800EB1D39 /* weatherPreview.json */ = {isa = PBXFileReference; fileEncoding = 4; lastKnownFileType = text.json; path = weatherPreview.json; sourceTree = "<group>"; };
		A5D071B22CBA42540004135E /* TabContainer.swift */ = {isa = PBXFileReference; lastKnownFileType = sourcecode.swift; path = TabContainer.swift; sourceTree = "<group>"; };
		A5D071B42CBA42AF0004135E /* Tab.swift */ = {isa = PBXFileReference; lastKnownFileType = sourcecode.swift; path = Tab.swift; sourceTree = "<group>"; };
		A5D071B62CBA43040004135E /* Images.swift */ = {isa = PBXFileReference; lastKnownFileType = sourcecode.swift; path = Images.swift; sourceTree = "<group>"; };
		A5D071B82CBA43150004135E /* Strings.swift */ = {isa = PBXFileReference; lastKnownFileType = sourcecode.swift; path = Strings.swift; sourceTree = "<group>"; };
		A5D071BB2CBA446E0004135E /* TabProfileView.swift */ = {isa = PBXFileReference; lastKnownFileType = sourcecode.swift; path = TabProfileView.swift; sourceTree = "<group>"; };
		A5D071BD2CBA468E0004135E /* TabWeatherView.swift */ = {isa = PBXFileReference; lastKnownFileType = sourcecode.swift; path = TabWeatherView.swift; sourceTree = "<group>"; };
		A5D071BF2CBA46B80004135E /* TabMapView.swift */ = {isa = PBXFileReference; lastKnownFileType = sourcecode.swift; path = TabMapView.swift; sourceTree = "<group>"; };
		A5D071C12CBA47320004135E /* MainView.swift */ = {isa = PBXFileReference; lastKnownFileType = sourcecode.swift; path = MainView.swift; sourceTree = "<group>"; };
		A5D071C32CBA491D0004135E /* Colors.swift */ = {isa = PBXFileReference; lastKnownFileType = sourcecode.swift; path = Colors.swift; sourceTree = "<group>"; };
		A5D071C72CBA6D300004135E /* ru */ = {isa = PBXFileReference; lastKnownFileType = text.plist.strings; name = ru; path = ru.lproj/Localizable.strings; sourceTree = "<group>"; };
		A5D071CA2CBA6D340004135E /* en */ = {isa = PBXFileReference; lastKnownFileType = text.plist.strings; name = en; path = en.lproj/Localizable.strings; sourceTree = "<group>"; };
		A5E7F0782CEBF0A300E97DAF /* TabQRCodeView.swift */ = {isa = PBXFileReference; lastKnownFileType = sourcecode.swift; path = TabQRCodeView.swift; sourceTree = "<group>"; };
		A5E7F07D2CEBFA6500E97DAF /* QRScannerController.swift */ = {isa = PBXFileReference; lastKnownFileType = sourcecode.swift; path = QRScannerController.swift; sourceTree = "<group>"; };
		A5E7F07F2CEBFAF300E97DAF /* QRScannerView.swift */ = {isa = PBXFileReference; lastKnownFileType = sourcecode.swift; path = QRScannerView.swift; sourceTree = "<group>"; };
		A5E7F0832CEBFFD600E97DAF /* QRScannerCoordinator.swift */ = {isa = PBXFileReference; lastKnownFileType = sourcecode.swift; path = QRScannerCoordinator.swift; sourceTree = "<group>"; };
		A5E7F0852CEC027F00E97DAF /* QRScannerResultView.swift */ = {isa = PBXFileReference; lastKnownFileType = sourcecode.swift; path = QRScannerResultView.swift; sourceTree = "<group>"; };
		A5FDA1462CB9F67B00DC0BDA /* WeatherRow.swift */ = {isa = PBXFileReference; fileEncoding = 4; lastKnownFileType = sourcecode.swift; path = WeatherRow.swift; sourceTree = "<group>"; };
		A5FDA1482CB9F67B00DC0BDA /* LocationManager.swift */ = {isa = PBXFileReference; fileEncoding = 4; lastKnownFileType = sourcecode.swift; path = LocationManager.swift; sourceTree = "<group>"; };
		A5FDA1492CB9F67B00DC0BDA /* WeatherManager.swift */ = {isa = PBXFileReference; fileEncoding = 4; lastKnownFileType = sourcecode.swift; path = WeatherManager.swift; sourceTree = "<group>"; };
		A5FDA14B2CB9F67B00DC0BDA /* ModelData.swift */ = {isa = PBXFileReference; fileEncoding = 4; lastKnownFileType = sourcecode.swift; path = ModelData.swift; sourceTree = "<group>"; };
		A5FDA14C2CB9F67B00DC0BDA /* Preview.xcassets */ = {isa = PBXFileReference; lastKnownFileType = folder.assetcatalog; path = Preview.xcassets; sourceTree = "<group>"; };
		A5FDA1502CB9F67B00DC0BDA /* LoadingView.swift */ = {isa = PBXFileReference; fileEncoding = 4; lastKnownFileType = sourcecode.swift; path = LoadingView.swift; sourceTree = "<group>"; };
		A5FDA1512CB9F67B00DC0BDA /* WeatherView.swift */ = {isa = PBXFileReference; fileEncoding = 4; lastKnownFileType = sourcecode.swift; path = WeatherView.swift; sourceTree = "<group>"; };
		A5FDA1522CB9F67B00DC0BDA /* WelcomeView.swift */ = {isa = PBXFileReference; fileEncoding = 4; lastKnownFileType = sourcecode.swift; path = WelcomeView.swift; sourceTree = "<group>"; };
		A5FDA1542CB9F67B00DC0BDA /* Assets.xcassets */ = {isa = PBXFileReference; lastKnownFileType = folder.assetcatalog; path = Assets.xcassets; sourceTree = "<group>"; };
		A5FDA1552CB9F67B00DC0BDA /* Extensions.swift */ = {isa = PBXFileReference; fileEncoding = 4; lastKnownFileType = sourcecode.swift; path = Extensions.swift; sourceTree = "<group>"; };
		A5FDA1562CB9F67B00DC0BDA /* WISHApp.swift */ = {isa = PBXFileReference; fileEncoding = 4; lastKnownFileType = sourcecode.swift; path = WISHApp.swift; sourceTree = "<group>"; };
/* End PBXFileReference section */

/* Begin PBXFrameworksBuildPhase section */
		22B002C72756862C009EF4A2 /* Frameworks */ = {
			isa = PBXFrameworksBuildPhase;
			buildActionMask = 2147483647;
			files = (
				A5D071CD2CBA7BB60004135E /* Localize_Swift in Frameworks */,
			);
			runOnlyForDeploymentPostprocessing = 0;
		};
/* End PBXFrameworksBuildPhase section */

/* Begin PBXGroup section */
		22B002C12756862C009EF4A2 = {
			isa = PBXGroup;
			children = (
				A5FDA1582CB9F67B00DC0BDA /* WISH */,
				22B002CB2756862C009EF4A2 /* Products */,
			);
			sourceTree = "<group>";
		};
		22B002CB2756862C009EF4A2 /* Products */ = {
			isa = PBXGroup;
			children = (
				22B002CA2756862C009EF4A2 /* WISH.app */,
			);
			name = Products;
			sourceTree = "<group>";
		};
		A5D071B12CBA42440004135E /* UI */ = {
			isa = PBXGroup;
			children = (
				A5D071B22CBA42540004135E /* TabContainer.swift */,
				A5FDA1462CB9F67B00DC0BDA /* WeatherRow.swift */,
			);
			path = UI;
			sourceTree = "<group>";
		};
		A5D071BA2CBA44540004135E /* Tabs */ = {
			isa = PBXGroup;
			children = (
				A5D071C12CBA47320004135E /* MainView.swift */,
				A5D071BF2CBA46B80004135E /* TabMapView.swift */,
				A5E7F0782CEBF0A300E97DAF /* TabQRCodeView.swift */,
				A5D071BB2CBA446E0004135E /* TabProfileView.swift */,
				A5D071BD2CBA468E0004135E /* TabWeatherView.swift */,
			);
			path = Tabs;
			sourceTree = "<group>";
		};
		A5E7F07B2CEBF7EC00E97DAF /* Weather */ = {
			isa = PBXGroup;
			children = (
				A5FDA1502CB9F67B00DC0BDA /* LoadingView.swift */,
				A5FDA1512CB9F67B00DC0BDA /* WeatherView.swift */,
				A5FDA1522CB9F67B00DC0BDA /* WelcomeView.swift */,
			);
			path = Weather;
			sourceTree = "<group>";
		};
		A5E7F07C2CEBFA4E00E97DAF /* QR */ = {
			isa = PBXGroup;
			children = (
				A5E7F07D2CEBFA6500E97DAF /* QRScannerController.swift */,
				A5E7F07F2CEBFAF300E97DAF /* QRScannerView.swift */,
				A5E7F0832CEBFFD600E97DAF /* QRScannerCoordinator.swift */,
				A5E7F0852CEC027F00E97DAF /* QRScannerResultView.swift */,
			);
			path = QR;
			sourceTree = "<group>";
		};
		A5FDA14A2CB9F67B00DC0BDA /* Model */ = {
			isa = PBXGroup;
			children = (
				A5D071B42CBA42AF0004135E /* Tab.swift */,
				A5FDA1482CB9F67B00DC0BDA /* LocationManager.swift */,
				A5FDA14B2CB9F67B00DC0BDA /* ModelData.swift */,
				A5FDA1492CB9F67B00DC0BDA /* WeatherManager.swift */,
			);
			path = Model;
			sourceTree = "<group>";
		};
		A5FDA14E2CB9F67B00DC0BDA /* Assets */ = {
			isa = PBXGroup;
			children = (
				A5FDA1542CB9F67B00DC0BDA /* Assets.xcassets */,
				A5FDA14C2CB9F67B00DC0BDA /* Preview.xcassets */,
				A50AE92B2CBA08F800EB1D39 /* weatherPreview.json */,
				A5D071B62CBA43040004135E /* Images.swift */,
				A5D071B82CBA43150004135E /* Strings.swift */,
				A5D071C32CBA491D0004135E /* Colors.swift */,
				A5D071C82CBA6D300004135E /* Localizable.strings */,
			);
			path = Assets;
			sourceTree = "<group>";
		};
		A5FDA1532CB9F67B00DC0BDA /* Views */ = {
			isa = PBXGroup;
			children = (
				A5E7F07C2CEBFA4E00E97DAF /* QR */,
				A5D071BA2CBA44540004135E /* Tabs */,
				A5E7F07B2CEBF7EC00E97DAF /* Weather */,
			);
			path = Views;
			sourceTree = "<group>";
		};
		A5FDA1582CB9F67B00DC0BDA /* WISH */ = {
			isa = PBXGroup;
			children = (
				A5FDA14E2CB9F67B00DC0BDA /* Assets */,
				A5FDA1552CB9F67B00DC0BDA /* Extensions.swift */,
				A5FDA14A2CB9F67B00DC0BDA /* Model */,
				A5D071B12CBA42440004135E /* UI */,
				A5FDA1532CB9F67B00DC0BDA /* Views */,
				A5FDA1562CB9F67B00DC0BDA /* WISHApp.swift */,
			);
			path = WISH;
			sourceTree = "<group>";
		};
/* End PBXGroup section */

/* Begin PBXNativeTarget section */
		22B002C92756862C009EF4A2 /* WISH */ = {
			isa = PBXNativeTarget;
			buildConfigurationList = 22B002D82756862D009EF4A2 /* Build configuration list for PBXNativeTarget "WISH" */;
			buildPhases = (
				22B002C62756862C009EF4A2 /* Sources */,
				22B002C72756862C009EF4A2 /* Frameworks */,
				22B002C82756862C009EF4A2 /* Resources */,
			);
			buildRules = (
			);
			dependencies = (
			);
			name = WISH;
			packageProductDependencies = (
				A5D071CC2CBA7BB60004135E /* Localize_Swift */,
			);
			productName = WeatherApp;
			productReference = 22B002CA2756862C009EF4A2 /* WISH.app */;
			productType = "com.apple.product-type.application";
		};
/* End PBXNativeTarget section */

/* Begin PBXProject section */
		22B002C22756862C009EF4A2 /* Project object */ = {
			isa = PBXProject;
			attributes = {
				BuildIndependentTargetsInParallel = 1;
				LastSwiftUpdateCheck = 1310;
				LastUpgradeCheck = 1540;
				TargetAttributes = {
					22B002C92756862C009EF4A2 = {
						CreatedOnToolsVersion = 13.1;
					};
				};
			};
			buildConfigurationList = 22B002C52756862C009EF4A2 /* Build configuration list for PBXProject "WISH" */;
			compatibilityVersion = "Xcode 13.0";
			developmentRegion = ru;
			hasScannedForEncodings = 0;
			knownRegions = (
				en,
				ru,
			);
			mainGroup = 22B002C12756862C009EF4A2;
			packageReferences = (
				A5D071CB2CBA7BB60004135E /* XCRemoteSwiftPackageReference "Localize-Swift" */,
				A5D071CE2CBA99EC0004135E /* XCRemoteSwiftPackageReference "SwiftUI-Introspect" */,
			);
			productRefGroup = 22B002CB2756862C009EF4A2 /* Products */;
			projectDirPath = "";
			projectRoot = "";
			targets = (
				22B002C92756862C009EF4A2 /* WISH */,
			);
		};
/* End PBXProject section */

/* Begin PBXResourcesBuildPhase section */
		22B002C82756862C009EF4A2 /* Resources */ = {
			isa = PBXResourcesBuildPhase;
			buildActionMask = 2147483647;
			files = (
				A50AE92C2CBA08F800EB1D39 /* weatherPreview.json in Resources */,
				A5FDA1632CB9F67B00DC0BDA /* Assets.xcassets in Resources */,
				A5FDA15D2CB9F67B00DC0BDA /* Preview.xcassets in Resources */,
				A5D071C92CBA6D300004135E /* Localizable.strings in Resources */,
			);
			runOnlyForDeploymentPostprocessing = 0;
		};
/* End PBXResourcesBuildPhase section */

/* Begin PBXSourcesBuildPhase section */
		22B002C62756862C009EF4A2 /* Sources */ = {
			isa = PBXSourcesBuildPhase;
			buildActionMask = 2147483647;
			files = (
				A5D071B32CBA42540004135E /* TabContainer.swift in Sources */,
				A5D071C22CBA47320004135E /* MainView.swift in Sources */,
				A5D071C02CBA46B80004135E /* TabMapView.swift in Sources */,
				A5D071BE2CBA468E0004135E /* TabWeatherView.swift in Sources */,
				A5E7F0802CEBFAF300E97DAF /* QRScannerView.swift in Sources */,
				A5FDA15B2CB9F67B00DC0BDA /* WeatherManager.swift in Sources */,
				A5FDA1642CB9F67B00DC0BDA /* Extensions.swift in Sources */,
				A5E7F0792CEBF0A300E97DAF /* TabQRCodeView.swift in Sources */,
				A5D071B52CBA42AF0004135E /* Tab.swift in Sources */,
				A5D071B72CBA43040004135E /* Images.swift in Sources */,
				A5FDA1652CB9F67B00DC0BDA /* WISHApp.swift in Sources */,
				A5D071B92CBA43150004135E /* Strings.swift in Sources */,
				A5D071BC2CBA446E0004135E /* TabProfileView.swift in Sources */,
				A5D071C42CBA491D0004135E /* Colors.swift in Sources */,
				A5FDA15C2CB9F67B00DC0BDA /* ModelData.swift in Sources */,
				A5FDA1622CB9F67B00DC0BDA /* WelcomeView.swift in Sources */,
				A5FDA15A2CB9F67B00DC0BDA /* LocationManager.swift in Sources */,
				A5E7F0862CEC027F00E97DAF /* QRScannerResultView.swift in Sources */,
				A5FDA1592CB9F67B00DC0BDA /* WeatherRow.swift in Sources */,
				A5E7F0842CEBFFD600E97DAF /* QRScannerCoordinator.swift in Sources */,
				A5E7F07E2CEBFA6500E97DAF /* QRScannerController.swift in Sources */,
				A5FDA1612CB9F67B00DC0BDA /* WeatherView.swift in Sources */,
				A5FDA1602CB9F67B00DC0BDA /* LoadingView.swift in Sources */,
			);
			runOnlyForDeploymentPostprocessing = 0;
		};
/* End PBXSourcesBuildPhase section */

/* Begin PBXVariantGroup section */
		A5D071C82CBA6D300004135E /* Localizable.strings */ = {
			isa = PBXVariantGroup;
			children = (
				A5D071C72CBA6D300004135E /* ru */,
				A5D071CA2CBA6D340004135E /* en */,
			);
			name = Localizable.strings;
			sourceTree = "<group>";
		};
/* End PBXVariantGroup section */

/* Begin XCBuildConfiguration section */
		22B002D62756862D009EF4A2 /* Debug */ = {
			isa = XCBuildConfiguration;
			buildSettings = {
				ALWAYS_SEARCH_USER_PATHS = NO;
				CLANG_ANALYZER_NONNULL = YES;
				CLANG_ANALYZER_NUMBER_OBJECT_CONVERSION = YES_AGGRESSIVE;
				CLANG_CXX_LANGUAGE_STANDARD = "gnu++17";
				CLANG_CXX_LIBRARY = "libc++";
				CLANG_ENABLE_MODULES = YES;
				CLANG_ENABLE_OBJC_ARC = YES;
				CLANG_ENABLE_OBJC_WEAK = YES;
				CLANG_WARN_BLOCK_CAPTURE_AUTORELEASING = YES;
				CLANG_WARN_BOOL_CONVERSION = YES;
				CLANG_WARN_COMMA = YES;
				CLANG_WARN_CONSTANT_CONVERSION = YES;
				CLANG_WARN_DEPRECATED_OBJC_IMPLEMENTATIONS = YES;
				CLANG_WARN_DIRECT_OBJC_ISA_USAGE = YES_ERROR;
				CLANG_WARN_DOCUMENTATION_COMMENTS = YES;
				CLANG_WARN_EMPTY_BODY = YES;
				CLANG_WARN_ENUM_CONVERSION = YES;
				CLANG_WARN_INFINITE_RECURSION = YES;
				CLANG_WARN_INT_CONVERSION = YES;
				CLANG_WARN_NON_LITERAL_NULL_CONVERSION = YES;
				CLANG_WARN_OBJC_IMPLICIT_RETAIN_SELF = YES;
				CLANG_WARN_OBJC_LITERAL_CONVERSION = YES;
				CLANG_WARN_OBJC_ROOT_CLASS = YES_ERROR;
				CLANG_WARN_QUOTED_INCLUDE_IN_FRAMEWORK_HEADER = YES;
				CLANG_WARN_RANGE_LOOP_ANALYSIS = YES;
				CLANG_WARN_STRICT_PROTOTYPES = YES;
				CLANG_WARN_SUSPICIOUS_MOVE = YES;
				CLANG_WARN_UNGUARDED_AVAILABILITY = YES_AGGRESSIVE;
				CLANG_WARN_UNREACHABLE_CODE = YES;
				CLANG_WARN__DUPLICATE_METHOD_MATCH = YES;
				COPY_PHASE_STRIP = NO;
				DEBUG_INFORMATION_FORMAT = dwarf;
				ENABLE_STRICT_OBJC_MSGSEND = YES;
				ENABLE_TESTABILITY = YES;
				ENABLE_USER_SCRIPT_SANDBOXING = YES;
				GCC_C_LANGUAGE_STANDARD = gnu11;
				GCC_DYNAMIC_NO_PIC = NO;
				GCC_NO_COMMON_BLOCKS = YES;
				GCC_OPTIMIZATION_LEVEL = 0;
				GCC_PREPROCESSOR_DEFINITIONS = (
					"DEBUG=1",
					"$(inherited)",
				);
				GCC_WARN_64_TO_32_BIT_CONVERSION = YES;
				GCC_WARN_ABOUT_RETURN_TYPE = YES_ERROR;
				GCC_WARN_UNDECLARED_SELECTOR = YES;
				GCC_WARN_UNINITIALIZED_AUTOS = YES_AGGRESSIVE;
				GCC_WARN_UNUSED_FUNCTION = YES;
				GCC_WARN_UNUSED_VARIABLE = YES;
				IPHONEOS_DEPLOYMENT_TARGET = 15.0;
				MTL_ENABLE_DEBUG_INFO = INCLUDE_SOURCE;
				MTL_FAST_MATH = YES;
				ONLY_ACTIVE_ARCH = YES;
				SDKROOT = iphoneos;
				SWIFT_ACTIVE_COMPILATION_CONDITIONS = DEBUG;
				SWIFT_OPTIMIZATION_LEVEL = "-Onone";
			};
			name = Debug;
		};
		22B002D72756862D009EF4A2 /* Release */ = {
			isa = XCBuildConfiguration;
			buildSettings = {
				ALWAYS_SEARCH_USER_PATHS = NO;
				CLANG_ANALYZER_NONNULL = YES;
				CLANG_ANALYZER_NUMBER_OBJECT_CONVERSION = YES_AGGRESSIVE;
				CLANG_CXX_LANGUAGE_STANDARD = "gnu++17";
				CLANG_CXX_LIBRARY = "libc++";
				CLANG_ENABLE_MODULES = YES;
				CLANG_ENABLE_OBJC_ARC = YES;
				CLANG_ENABLE_OBJC_WEAK = YES;
				CLANG_WARN_BLOCK_CAPTURE_AUTORELEASING = YES;
				CLANG_WARN_BOOL_CONVERSION = YES;
				CLANG_WARN_COMMA = YES;
				CLANG_WARN_CONSTANT_CONVERSION = YES;
				CLANG_WARN_DEPRECATED_OBJC_IMPLEMENTATIONS = YES;
				CLANG_WARN_DIRECT_OBJC_ISA_USAGE = YES_ERROR;
				CLANG_WARN_DOCUMENTATION_COMMENTS = YES;
				CLANG_WARN_EMPTY_BODY = YES;
				CLANG_WARN_ENUM_CONVERSION = YES;
				CLANG_WARN_INFINITE_RECURSION = YES;
				CLANG_WARN_INT_CONVERSION = YES;
				CLANG_WARN_NON_LITERAL_NULL_CONVERSION = YES;
				CLANG_WARN_OBJC_IMPLICIT_RETAIN_SELF = YES;
				CLANG_WARN_OBJC_LITERAL_CONVERSION = YES;
				CLANG_WARN_OBJC_ROOT_CLASS = YES_ERROR;
				CLANG_WARN_QUOTED_INCLUDE_IN_FRAMEWORK_HEADER = YES;
				CLANG_WARN_RANGE_LOOP_ANALYSIS = YES;
				CLANG_WARN_STRICT_PROTOTYPES = YES;
				CLANG_WARN_SUSPICIOUS_MOVE = YES;
				CLANG_WARN_UNGUARDED_AVAILABILITY = YES_AGGRESSIVE;
				CLANG_WARN_UNREACHABLE_CODE = YES;
				CLANG_WARN__DUPLICATE_METHOD_MATCH = YES;
				COPY_PHASE_STRIP = NO;
				DEBUG_INFORMATION_FORMAT = "dwarf-with-dsym";
				ENABLE_NS_ASSERTIONS = NO;
				ENABLE_STRICT_OBJC_MSGSEND = YES;
				ENABLE_USER_SCRIPT_SANDBOXING = YES;
				GCC_C_LANGUAGE_STANDARD = gnu11;
				GCC_NO_COMMON_BLOCKS = YES;
				GCC_WARN_64_TO_32_BIT_CONVERSION = YES;
				GCC_WARN_ABOUT_RETURN_TYPE = YES_ERROR;
				GCC_WARN_UNDECLARED_SELECTOR = YES;
				GCC_WARN_UNINITIALIZED_AUTOS = YES_AGGRESSIVE;
				GCC_WARN_UNUSED_FUNCTION = YES;
				GCC_WARN_UNUSED_VARIABLE = YES;
				IPHONEOS_DEPLOYMENT_TARGET = 15.0;
				MTL_ENABLE_DEBUG_INFO = NO;
				MTL_FAST_MATH = YES;
				SDKROOT = iphoneos;
				SWIFT_COMPILATION_MODE = wholemodule;
				SWIFT_OPTIMIZATION_LEVEL = "-O";
				VALIDATE_PRODUCT = YES;
			};
			name = Release;
		};
		22B002D92756862D009EF4A2 /* Debug */ = {
			isa = XCBuildConfiguration;
			buildSettings = {
				ASSETCATALOG_COMPILER_APPICON_NAME = AppIcon;
				ASSETCATALOG_COMPILER_GLOBAL_ACCENT_COLOR_NAME = AccentColor;
				CODE_SIGN_IDENTITY = "Apple Development";
				CODE_SIGN_STYLE = Automatic;
				CURRENT_PROJECT_VERSION = 1;
				DEVELOPMENT_ASSET_PATHS = "\"WISH/Assets\"";
				DEVELOPMENT_TEAM = 5HDD9A94JL;
				ENABLE_PREVIEWS = YES;
				GENERATE_INFOPLIST_FILE = YES;
				INFOPLIST_KEY_CFBundleDisplayName = WISH;
				INFOPLIST_KEY_NSCameraUsageDescription = "We need to access your camera for scanning QR code";
				INFOPLIST_KEY_UIApplicationSceneManifest_Generation = YES;
				INFOPLIST_KEY_UIApplicationSupportsIndirectInputEvents = YES;
				INFOPLIST_KEY_UILaunchScreen_Generation = YES;
				INFOPLIST_KEY_UISupportedInterfaceOrientations_iPad = "UIInterfaceOrientationPortrait UIInterfaceOrientationPortraitUpsideDown UIInterfaceOrientationLandscapeLeft UIInterfaceOrientationLandscapeRight";
				INFOPLIST_KEY_UISupportedInterfaceOrientations_iPhone = "UIInterfaceOrientationPortrait UIInterfaceOrientationLandscapeLeft UIInterfaceOrientationLandscapeRight";
				IPHONEOS_DEPLOYMENT_TARGET = 15.0;
				LD_RUNPATH_SEARCH_PATHS = (
					"$(inherited)",
					"@executable_path/Frameworks",
				);
				MARKETING_VERSION = 1.0;
				PRODUCT_BUNDLE_IDENTIFIER = ru.shareu.WISH;
				PRODUCT_NAME = "$(TARGET_NAME)";
				PROVISIONING_PROFILE_SPECIFIER = "";
				SUPPORTED_PLATFORMS = "iphoneos iphonesimulator";
				SUPPORTS_MACCATALYST = NO;
				SUPPORTS_MAC_DESIGNED_FOR_IPHONE_IPAD = NO;
				SUPPORTS_XR_DESIGNED_FOR_IPHONE_IPAD = NO;
				SWIFT_EMIT_LOC_STRINGS = YES;
				SWIFT_VERSION = 5.0;
				TARGETED_DEVICE_FAMILY = "1,2";
			};
			name = Debug;
		};
		22B002DA2756862D009EF4A2 /* Release */ = {
			isa = XCBuildConfiguration;
			buildSettings = {
				ASSETCATALOG_COMPILER_APPICON_NAME = AppIcon;
				ASSETCATALOG_COMPILER_GLOBAL_ACCENT_COLOR_NAME = AccentColor;
				CODE_SIGN_IDENTITY = "Apple Development";
				CODE_SIGN_STYLE = Automatic;
				CURRENT_PROJECT_VERSION = 1;
				DEVELOPMENT_ASSET_PATHS = "\"WISH/Assets\"";
				DEVELOPMENT_TEAM = 5HDD9A94JL;
				ENABLE_PREVIEWS = YES;
				GENERATE_INFOPLIST_FILE = YES;
				INFOPLIST_KEY_CFBundleDisplayName = WISH;
				INFOPLIST_KEY_NSCameraUsageDescription = "We need to access your camera for scanning QR code";
				INFOPLIST_KEY_UIApplicationSceneManifest_Generation = YES;
				INFOPLIST_KEY_UIApplicationSupportsIndirectInputEvents = YES;
				INFOPLIST_KEY_UILaunchScreen_Generation = YES;
				INFOPLIST_KEY_UISupportedInterfaceOrientations_iPad = "UIInterfaceOrientationPortrait UIInterfaceOrientationPortraitUpsideDown UIInterfaceOrientationLandscapeLeft UIInterfaceOrientationLandscapeRight";
				INFOPLIST_KEY_UISupportedInterfaceOrientations_iPhone = "UIInterfaceOrientationPortrait UIInterfaceOrientationLandscapeLeft UIInterfaceOrientationLandscapeRight";
				IPHONEOS_DEPLOYMENT_TARGET = 15.0;
				LD_RUNPATH_SEARCH_PATHS = (
					"$(inherited)",
					"@executable_path/Frameworks",
				);
				MARKETING_VERSION = 1.0;
				PRODUCT_BUNDLE_IDENTIFIER = ru.shareu.WISH;
				PRODUCT_NAME = "$(TARGET_NAME)";
				PROVISIONING_PROFILE_SPECIFIER = "";
				SUPPORTED_PLATFORMS = "iphoneos iphonesimulator";
				SUPPORTS_MACCATALYST = NO;
				SUPPORTS_MAC_DESIGNED_FOR_IPHONE_IPAD = NO;
				SUPPORTS_XR_DESIGNED_FOR_IPHONE_IPAD = NO;
				SWIFT_EMIT_LOC_STRINGS = YES;
				SWIFT_VERSION = 5.0;
				TARGETED_DEVICE_FAMILY = "1,2";
			};
			name = Release;
		};
/* End XCBuildConfiguration section */

/* Begin XCConfigurationList section */
		22B002C52756862C009EF4A2 /* Build configuration list for PBXProject "WISH" */ = {
			isa = XCConfigurationList;
			buildConfigurations = (
				22B002D62756862D009EF4A2 /* Debug */,
				22B002D72756862D009EF4A2 /* Release */,
			);
			defaultConfigurationIsVisible = 0;
			defaultConfigurationName = Release;
		};
		22B002D82756862D009EF4A2 /* Build configuration list for PBXNativeTarget "WISH" */ = {
			isa = XCConfigurationList;
			buildConfigurations = (
				22B002D92756862D009EF4A2 /* Debug */,
				22B002DA2756862D009EF4A2 /* Release */,
			);
			defaultConfigurationIsVisible = 0;
			defaultConfigurationName = Release;
		};
/* End XCConfigurationList section */

/* Begin XCRemoteSwiftPackageReference section */
		A5D071CB2CBA7BB60004135E /* XCRemoteSwiftPackageReference "Localize-Swift" */ = {
			isa = XCRemoteSwiftPackageReference;
			repositoryURL = "https://github.com/marmelroy/Localize-Swift.git";
			requirement = {
				kind = upToNextMajorVersion;
				minimumVersion = 3.2.0;
			};
		};
		A5D071CE2CBA99EC0004135E /* XCRemoteSwiftPackageReference "SwiftUI-Introspect" */ = {
			isa = XCRemoteSwiftPackageReference;
			repositoryURL = "https://github.com/siteline/SwiftUI-Introspect";
			requirement = {
				kind = upToNextMajorVersion;
				minimumVersion = 1.3.0;
			};
		};
/* End XCRemoteSwiftPackageReference section */

/* Begin XCSwiftPackageProductDependency section */
		A5D071CC2CBA7BB60004135E /* Localize_Swift */ = {
			isa = XCSwiftPackageProductDependency;
			package = A5D071CB2CBA7BB60004135E /* XCRemoteSwiftPackageReference "Localize-Swift" */;
			productName = Localize_Swift;
		};
/* End XCSwiftPackageProductDependency section */
	};
	rootObject = 22B002C22756862C009EF4A2 /* Project object */;
}
